// !$*UTF8*$!
{
	archiveVersion = 1;
	classes = {
	};
	objectVersion = 50;
	objects = {

/* Begin PBXBuildFile section */
		344C7CA925D2FD6900176019 /* HackerNewsApp.swift in Sources */ = {isa = PBXBuildFile; fileRef = 344C7CA825D2FD6900176019 /* HackerNewsApp.swift */; };
		344C7CAB25D2FD6900176019 /* TopStoriesView.swift in Sources */ = {isa = PBXBuildFile; fileRef = 344C7CAA25D2FD6900176019 /* TopStoriesView.swift */; };
		344C7CAD25D2FD6D00176019 /* Assets.xcassets in Resources */ = {isa = PBXBuildFile; fileRef = 344C7CAC25D2FD6D00176019 /* Assets.xcassets */; };
		344C7CB025D2FD6D00176019 /* Preview Assets.xcassets in Resources */ = {isa = PBXBuildFile; fileRef = 344C7CAF25D2FD6D00176019 /* Preview Assets.xcassets */; };
		344C7CBB25D2FD6D00176019 /* HackerNewsTests.swift in Sources */ = {isa = PBXBuildFile; fileRef = 344C7CBA25D2FD6D00176019 /* HackerNewsTests.swift */; };
		344C7CC625D2FD6D00176019 /* HackerNewsUITests.swift in Sources */ = {isa = PBXBuildFile; fileRef = 344C7CC525D2FD6D00176019 /* HackerNewsUITests.swift */; };
		344C7CDE25D2FE3800176019 /* Story.swift in Sources */ = {isa = PBXBuildFile; fileRef = 344C7CDD25D2FE3800176019 /* Story.swift */; };
		344C7CE625D2FEA500176019 /* DataSource.swift in Sources */ = {isa = PBXBuildFile; fileRef = 344C7CE525D2FEA500176019 /* DataSource.swift */; };
		34D35F6C25D445BD009CB6D2 /* LoadingStatus.swift in Sources */ = {isa = PBXBuildFile; fileRef = 34D35F6B25D445BD009CB6D2 /* LoadingStatus.swift */; };
		34DAED7325D2FF3000F4DC83 /* ItemListError.swift in Sources */ = {isa = PBXBuildFile; fileRef = 34DAED7225D2FF3000F4DC83 /* ItemListError.swift */; };
		34DAED7825D2FFD000F4DC83 /* ViewModel.swift in Sources */ = {isa = PBXBuildFile; fileRef = 34DAED7725D2FFD000F4DC83 /* ViewModel.swift */; };
		34DAED7D25D3000D00F4DC83 /* RemoteDataSource.swift in Sources */ = {isa = PBXBuildFile; fileRef = 34DAED7C25D3000D00F4DC83 /* RemoteDataSource.swift */; };
		34DAED8225D3005C00F4DC83 /* ApiConstants.swift in Sources */ = {isa = PBXBuildFile; fileRef = 34DAED8125D3005C00F4DC83 /* ApiConstants.swift */; };
		34DAED8825D303C000F4DC83 /* TopStoriesViewModel.swift in Sources */ = {isa = PBXBuildFile; fileRef = 34DAED8725D303C000F4DC83 /* TopStoriesViewModel.swift */; };
		34DAED9825D3131A00F4DC83 /* TopStoryRow.swift in Sources */ = {isa = PBXBuildFile; fileRef = 34DAED9725D3131A00F4DC83 /* TopStoryRow.swift */; };
		34DAEDA625D3192300F4DC83 /* AtList.swift in Sources */ = {isa = PBXBuildFile; fileRef = 34DAEDA525D3192300F4DC83 /* AtList.swift */; };
/* End PBXBuildFile section */

/* Begin PBXContainerItemProxy section */
		344C7CB725D2FD6D00176019 /* PBXContainerItemProxy */ = {
			isa = PBXContainerItemProxy;
			containerPortal = 344C7C9D25D2FD6900176019 /* Project object */;
			proxyType = 1;
			remoteGlobalIDString = 344C7CA425D2FD6900176019;
			remoteInfo = HackerNews;
		};
		344C7CC225D2FD6D00176019 /* PBXContainerItemProxy */ = {
			isa = PBXContainerItemProxy;
			containerPortal = 344C7C9D25D2FD6900176019 /* Project object */;
			proxyType = 1;
			remoteGlobalIDString = 344C7CA425D2FD6900176019;
			remoteInfo = HackerNews;
		};
/* End PBXContainerItemProxy section */

/* Begin PBXFileReference section */
		344C7CA525D2FD6900176019 /* HackerNews.app */ = {isa = PBXFileReference; explicitFileType = wrapper.application; includeInIndex = 0; path = HackerNews.app; sourceTree = BUILT_PRODUCTS_DIR; };
		344C7CA825D2FD6900176019 /* HackerNewsApp.swift */ = {isa = PBXFileReference; lastKnownFileType = sourcecode.swift; path = HackerNewsApp.swift; sourceTree = "<group>"; };
		344C7CAA25D2FD6900176019 /* TopStoriesView.swift */ = {isa = PBXFileReference; lastKnownFileType = sourcecode.swift; path = TopStoriesView.swift; sourceTree = "<group>"; };
		344C7CAC25D2FD6D00176019 /* Assets.xcassets */ = {isa = PBXFileReference; lastKnownFileType = folder.assetcatalog; path = Assets.xcassets; sourceTree = "<group>"; };
		344C7CAF25D2FD6D00176019 /* Preview Assets.xcassets */ = {isa = PBXFileReference; lastKnownFileType = folder.assetcatalog; path = "Preview Assets.xcassets"; sourceTree = "<group>"; };
		344C7CB125D2FD6D00176019 /* Info.plist */ = {isa = PBXFileReference; lastKnownFileType = text.plist.xml; path = Info.plist; sourceTree = "<group>"; };
		344C7CB625D2FD6D00176019 /* HackerNewsTests.xctest */ = {isa = PBXFileReference; explicitFileType = wrapper.cfbundle; includeInIndex = 0; path = HackerNewsTests.xctest; sourceTree = BUILT_PRODUCTS_DIR; };
		344C7CBA25D2FD6D00176019 /* HackerNewsTests.swift */ = {isa = PBXFileReference; lastKnownFileType = sourcecode.swift; path = HackerNewsTests.swift; sourceTree = "<group>"; };
		344C7CBC25D2FD6D00176019 /* Info.plist */ = {isa = PBXFileReference; lastKnownFileType = text.plist.xml; path = Info.plist; sourceTree = "<group>"; };
		344C7CC125D2FD6D00176019 /* HackerNewsUITests.xctest */ = {isa = PBXFileReference; explicitFileType = wrapper.cfbundle; includeInIndex = 0; path = HackerNewsUITests.xctest; sourceTree = BUILT_PRODUCTS_DIR; };
		344C7CC525D2FD6D00176019 /* HackerNewsUITests.swift */ = {isa = PBXFileReference; lastKnownFileType = sourcecode.swift; path = HackerNewsUITests.swift; sourceTree = "<group>"; };
		344C7CC725D2FD6D00176019 /* Info.plist */ = {isa = PBXFileReference; lastKnownFileType = text.plist.xml; path = Info.plist; sourceTree = "<group>"; };
		344C7CDD25D2FE3800176019 /* Story.swift */ = {isa = PBXFileReference; lastKnownFileType = sourcecode.swift; path = Story.swift; sourceTree = "<group>"; };
		344C7CE525D2FEA500176019 /* DataSource.swift */ = {isa = PBXFileReference; lastKnownFileType = sourcecode.swift; path = DataSource.swift; sourceTree = "<group>"; };
		34D35F6B25D445BD009CB6D2 /* LoadingStatus.swift */ = {isa = PBXFileReference; lastKnownFileType = sourcecode.swift; path = LoadingStatus.swift; sourceTree = "<group>"; };
		34DAED7225D2FF3000F4DC83 /* ItemListError.swift */ = {isa = PBXFileReference; lastKnownFileType = sourcecode.swift; path = ItemListError.swift; sourceTree = "<group>"; };
		34DAED7725D2FFD000F4DC83 /* ViewModel.swift */ = {isa = PBXFileReference; lastKnownFileType = sourcecode.swift; path = ViewModel.swift; sourceTree = "<group>"; };
		34DAED7C25D3000D00F4DC83 /* RemoteDataSource.swift */ = {isa = PBXFileReference; lastKnownFileType = sourcecode.swift; path = RemoteDataSource.swift; sourceTree = "<group>"; };
		34DAED8125D3005C00F4DC83 /* ApiConstants.swift */ = {isa = PBXFileReference; lastKnownFileType = sourcecode.swift; path = ApiConstants.swift; sourceTree = "<group>"; };
		34DAED8725D303C000F4DC83 /* TopStoriesViewModel.swift */ = {isa = PBXFileReference; lastKnownFileType = sourcecode.swift; path = TopStoriesViewModel.swift; sourceTree = "<group>"; };
		34DAED9725D3131A00F4DC83 /* TopStoryRow.swift */ = {isa = PBXFileReference; lastKnownFileType = sourcecode.swift; path = TopStoryRow.swift; sourceTree = "<group>"; };
		34DAEDA525D3192300F4DC83 /* AtList.swift */ = {isa = PBXFileReference; lastKnownFileType = sourcecode.swift; path = AtList.swift; sourceTree = "<group>"; };
/* End PBXFileReference section */

/* Begin PBXFrameworksBuildPhase section */
		344C7CA225D2FD6900176019 /* Frameworks */ = {
			isa = PBXFrameworksBuildPhase;
			buildActionMask = 2147483647;
			files = (
			);
			runOnlyForDeploymentPostprocessing = 0;
		};
		344C7CB325D2FD6D00176019 /* Frameworks */ = {
			isa = PBXFrameworksBuildPhase;
			buildActionMask = 2147483647;
			files = (
			);
			runOnlyForDeploymentPostprocessing = 0;
		};
		344C7CBE25D2FD6D00176019 /* Frameworks */ = {
			isa = PBXFrameworksBuildPhase;
			buildActionMask = 2147483647;
			files = (
			);
			runOnlyForDeploymentPostprocessing = 0;
		};
/* End PBXFrameworksBuildPhase section */

/* Begin PBXGroup section */
		344C7C9C25D2FD6900176019 = {
			isa = PBXGroup;
			children = (
				344C7CA725D2FD6900176019 /* HackerNews */,
				344C7CB925D2FD6D00176019 /* HackerNewsTests */,
				344C7CC425D2FD6D00176019 /* HackerNewsUITests */,
				344C7CA625D2FD6900176019 /* Products */,
			);
			sourceTree = "<group>";
		};
		344C7CA625D2FD6900176019 /* Products */ = {
			isa = PBXGroup;
			children = (
				344C7CA525D2FD6900176019 /* HackerNews.app */,
				344C7CB625D2FD6D00176019 /* HackerNewsTests.xctest */,
				344C7CC125D2FD6D00176019 /* HackerNewsUITests.xctest */,
			);
			name = Products;
			sourceTree = "<group>";
		};
		344C7CA725D2FD6900176019 /* HackerNews */ = {
			isa = PBXGroup;
			children = (
				34DAEDA425D3190E00F4DC83 /* Extension */,
				344C7CD825D2FDA000176019 /* ViewModel */,
				344C7CD725D2FD9B00176019 /* Model */,
				344C7CD625D2FD8700176019 /* View */,
				344C7CA825D2FD6900176019 /* HackerNewsApp.swift */,
				344C7CAC25D2FD6D00176019 /* Assets.xcassets */,
				344C7CB125D2FD6D00176019 /* Info.plist */,
				344C7CAE25D2FD6D00176019 /* Preview Content */,
			);
			path = HackerNews;
			sourceTree = "<group>";
		};
		344C7CAE25D2FD6D00176019 /* Preview Content */ = {
			isa = PBXGroup;
			children = (
				344C7CAF25D2FD6D00176019 /* Preview Assets.xcassets */,
			);
			path = "Preview Content";
			sourceTree = "<group>";
		};
		344C7CB925D2FD6D00176019 /* HackerNewsTests */ = {
			isa = PBXGroup;
			children = (
				344C7CBA25D2FD6D00176019 /* HackerNewsTests.swift */,
				344C7CBC25D2FD6D00176019 /* Info.plist */,
			);
			path = HackerNewsTests;
			sourceTree = "<group>";
		};
		344C7CC425D2FD6D00176019 /* HackerNewsUITests */ = {
			isa = PBXGroup;
			children = (
				344C7CC525D2FD6D00176019 /* HackerNewsUITests.swift */,
				344C7CC725D2FD6D00176019 /* Info.plist */,
			);
			path = HackerNewsUITests;
			sourceTree = "<group>";
		};
		344C7CD625D2FD8700176019 /* View */ = {
			isa = PBXGroup;
			children = (
				34DAED8625D303A700F4DC83 /* TopStories */,
			);
			path = View;
			sourceTree = "<group>";
		};
		344C7CD725D2FD9B00176019 /* Model */ = {
			isa = PBXGroup;
			children = (
				34DAED7125D2FF1200F4DC83 /* Errors */,
				344C7CDC25D2FE0000176019 /* Entities */,
				344C7CE525D2FEA500176019 /* DataSource.swift */,
				34DAED7C25D3000D00F4DC83 /* RemoteDataSource.swift */,
				34DAED8125D3005C00F4DC83 /* ApiConstants.swift */,
			);
			path = Model;
			sourceTree = "<group>";
		};
		344C7CD825D2FDA000176019 /* ViewModel */ = {
			isa = PBXGroup;
			children = (
				34DAED7725D2FFD000F4DC83 /* ViewModel.swift */,
			);
			path = ViewModel;
			sourceTree = "<group>";
		};
		344C7CDC25D2FE0000176019 /* Entities */ = {
			isa = PBXGroup;
			children = (
				344C7CDD25D2FE3800176019 /* Story.swift */,
				34D35F6B25D445BD009CB6D2 /* LoadingStatus.swift */,
			);
			path = Entities;
			sourceTree = "<group>";
		};
		34DAED7125D2FF1200F4DC83 /* Errors */ = {
			isa = PBXGroup;
			children = (
				34DAED7225D2FF3000F4DC83 /* ItemListError.swift */,
			);
			path = Errors;
			sourceTree = "<group>";
		};
		34DAED8625D303A700F4DC83 /* TopStories */ = {
			isa = PBXGroup;
			children = (
				344C7CAA25D2FD6900176019 /* TopStoriesView.swift */,
				34DAED8725D303C000F4DC83 /* TopStoriesViewModel.swift */,
				34DAED9725D3131A00F4DC83 /* TopStoryRow.swift */,
			);
			path = TopStories;
			sourceTree = "<group>";
		};
		34DAEDA425D3190E00F4DC83 /* Extension */ = {
			isa = PBXGroup;
			children = (
				34DAEDA525D3192300F4DC83 /* AtList.swift */,
			);
			path = Extension;
			sourceTree = "<group>";
		};
/* End PBXGroup section */

/* Begin PBXNativeTarget section */
		344C7CA425D2FD6900176019 /* HackerNews */ = {
			isa = PBXNativeTarget;
			buildConfigurationList = 344C7CCA25D2FD6D00176019 /* Build configuration list for PBXNativeTarget "HackerNews" */;
			buildPhases = (
				344C7CA125D2FD6900176019 /* Sources */,
				344C7CA225D2FD6900176019 /* Frameworks */,
				344C7CA325D2FD6900176019 /* Resources */,
			);
			buildRules = (
			);
			dependencies = (
			);
			name = HackerNews;
			productName = HackerNews;
			productReference = 344C7CA525D2FD6900176019 /* HackerNews.app */;
			productType = "com.apple.product-type.application";
		};
		344C7CB525D2FD6D00176019 /* HackerNewsTests */ = {
			isa = PBXNativeTarget;
			buildConfigurationList = 344C7CCD25D2FD6D00176019 /* Build configuration list for PBXNativeTarget "HackerNewsTests" */;
			buildPhases = (
				344C7CB225D2FD6D00176019 /* Sources */,
				344C7CB325D2FD6D00176019 /* Frameworks */,
				344C7CB425D2FD6D00176019 /* Resources */,
			);
			buildRules = (
			);
			dependencies = (
				344C7CB825D2FD6D00176019 /* PBXTargetDependency */,
			);
			name = HackerNewsTests;
			productName = HackerNewsTests;
			productReference = 344C7CB625D2FD6D00176019 /* HackerNewsTests.xctest */;
			productType = "com.apple.product-type.bundle.unit-test";
		};
		344C7CC025D2FD6D00176019 /* HackerNewsUITests */ = {
			isa = PBXNativeTarget;
			buildConfigurationList = 344C7CD025D2FD6D00176019 /* Build configuration list for PBXNativeTarget "HackerNewsUITests" */;
			buildPhases = (
				344C7CBD25D2FD6D00176019 /* Sources */,
				344C7CBE25D2FD6D00176019 /* Frameworks */,
				344C7CBF25D2FD6D00176019 /* Resources */,
			);
			buildRules = (
			);
			dependencies = (
				344C7CC325D2FD6D00176019 /* PBXTargetDependency */,
			);
			name = HackerNewsUITests;
			productName = HackerNewsUITests;
			productReference = 344C7CC125D2FD6D00176019 /* HackerNewsUITests.xctest */;
			productType = "com.apple.product-type.bundle.ui-testing";
		};
/* End PBXNativeTarget section */

/* Begin PBXProject section */
		344C7C9D25D2FD6900176019 /* Project object */ = {
			isa = PBXProject;
			attributes = {
				LastSwiftUpdateCheck = 1220;
				LastUpgradeCheck = 1220;
				TargetAttributes = {
					344C7CA425D2FD6900176019 = {
						CreatedOnToolsVersion = 12.2;
					};
					344C7CB525D2FD6D00176019 = {
						CreatedOnToolsVersion = 12.2;
						TestTargetID = 344C7CA425D2FD6900176019;
					};
					344C7CC025D2FD6D00176019 = {
						CreatedOnToolsVersion = 12.2;
						TestTargetID = 344C7CA425D2FD6900176019;
					};
				};
			};
			buildConfigurationList = 344C7CA025D2FD6900176019 /* Build configuration list for PBXProject "HackerNews" */;
			compatibilityVersion = "Xcode 9.3";
			developmentRegion = en;
			hasScannedForEncodings = 0;
			knownRegions = (
				en,
				Base,
			);
			mainGroup = 344C7C9C25D2FD6900176019;
			productRefGroup = 344C7CA625D2FD6900176019 /* Products */;
			projectDirPath = "";
			projectRoot = "";
			targets = (
				344C7CA425D2FD6900176019 /* HackerNews */,
				344C7CB525D2FD6D00176019 /* HackerNewsTests */,
				344C7CC025D2FD6D00176019 /* HackerNewsUITests */,
			);
		};
/* End PBXProject section */

/* Begin PBXResourcesBuildPhase section */
		344C7CA325D2FD6900176019 /* Resources */ = {
			isa = PBXResourcesBuildPhase;
			buildActionMask = 2147483647;
			files = (
				344C7CB025D2FD6D00176019 /* Preview Assets.xcassets in Resources */,
				344C7CAD25D2FD6D00176019 /* Assets.xcassets in Resources */,
			);
			runOnlyForDeploymentPostprocessing = 0;
		};
		344C7CB425D2FD6D00176019 /* Resources */ = {
			isa = PBXResourcesBuildPhase;
			buildActionMask = 2147483647;
			files = (
			);
			runOnlyForDeploymentPostprocessing = 0;
		};
		344C7CBF25D2FD6D00176019 /* Resources */ = {
			isa = PBXResourcesBuildPhase;
			buildActionMask = 2147483647;
			files = (
			);
			runOnlyForDeploymentPostprocessing = 0;
		};
/* End PBXResourcesBuildPhase section */

/* Begin PBXSourcesBuildPhase section */
		344C7CA125D2FD6900176019 /* Sources */ = {
			isa = PBXSourcesBuildPhase;
			buildActionMask = 2147483647;
			files = (
				34D35F6C25D445BD009CB6D2 /* LoadingStatus.swift in Sources */,
				34DAED9825D3131A00F4DC83 /* TopStoryRow.swift in Sources */,
				344C7CAB25D2FD6900176019 /* TopStoriesView.swift in Sources */,
				34DAED7D25D3000D00F4DC83 /* RemoteDataSource.swift in Sources */,
				344C7CA925D2FD6900176019 /* HackerNewsApp.swift in Sources */,
				344C7CE625D2FEA500176019 /* DataSource.swift in Sources */,
				34DAED8225D3005C00F4DC83 /* ApiConstants.swift in Sources */,
				34DAEDA625D3192300F4DC83 /* AtList.swift in Sources */,
				344C7CDE25D2FE3800176019 /* Story.swift in Sources */,
				34DAED7825D2FFD000F4DC83 /* ViewModel.swift in Sources */,
				34DAED8825D303C000F4DC83 /* TopStoriesViewModel.swift in Sources */,
				34DAED7325D2FF3000F4DC83 /* ItemListError.swift in Sources */,
			);
			runOnlyForDeploymentPostprocessing = 0;
		};
		344C7CB225D2FD6D00176019 /* Sources */ = {
			isa = PBXSourcesBuildPhase;
			buildActionMask = 2147483647;
			files = (
				344C7CBB25D2FD6D00176019 /* HackerNewsTests.swift in Sources */,
			);
			runOnlyForDeploymentPostprocessing = 0;
		};
		344C7CBD25D2FD6D00176019 /* Sources */ = {
			isa = PBXSourcesBuildPhase;
			buildActionMask = 2147483647;
			files = (
				344C7CC625D2FD6D00176019 /* HackerNewsUITests.swift in Sources */,
			);
			runOnlyForDeploymentPostprocessing = 0;
		};
/* End PBXSourcesBuildPhase section */

/* Begin PBXTargetDependency section */
		344C7CB825D2FD6D00176019 /* PBXTargetDependency */ = {
			isa = PBXTargetDependency;
			target = 344C7CA425D2FD6900176019 /* HackerNews */;
			targetProxy = 344C7CB725D2FD6D00176019 /* PBXContainerItemProxy */;
		};
		344C7CC325D2FD6D00176019 /* PBXTargetDependency */ = {
			isa = PBXTargetDependency;
			target = 344C7CA425D2FD6900176019 /* HackerNews */;
			targetProxy = 344C7CC225D2FD6D00176019 /* PBXContainerItemProxy */;
		};
/* End PBXTargetDependency section */

/* Begin XCBuildConfiguration section */
		344C7CC825D2FD6D00176019 /* Debug */ = {
			isa = XCBuildConfiguration;
			buildSettings = {
				ALWAYS_SEARCH_USER_PATHS = NO;
				CLANG_ANALYZER_NONNULL = YES;
				CLANG_ANALYZER_NUMBER_OBJECT_CONVERSION = YES_AGGRESSIVE;
				CLANG_CXX_LANGUAGE_STANDARD = "gnu++14";
				CLANG_CXX_LIBRARY = "libc++";
				CLANG_ENABLE_MODULES = YES;
				CLANG_ENABLE_OBJC_ARC = YES;
				CLANG_ENABLE_OBJC_WEAK = YES;
				CLANG_WARN_BLOCK_CAPTURE_AUTORELEASING = YES;
				CLANG_WARN_BOOL_CONVERSION = YES;
				CLANG_WARN_COMMA = YES;
				CLANG_WARN_CONSTANT_CONVERSION = YES;
				CLANG_WARN_DEPRECATED_OBJC_IMPLEMENTATIONS = YES;
				CLANG_WARN_DIRECT_OBJC_ISA_USAGE = YES_ERROR;
				CLANG_WARN_DOCUMENTATION_COMMENTS = YES;
				CLANG_WARN_EMPTY_BODY = YES;
				CLANG_WARN_ENUM_CONVERSION = YES;
				CLANG_WARN_INFINITE_RECURSION = YES;
				CLANG_WARN_INT_CONVERSION = YES;
				CLANG_WARN_NON_LITERAL_NULL_CONVERSION = YES;
				CLANG_WARN_OBJC_IMPLICIT_RETAIN_SELF = YES;
				CLANG_WARN_OBJC_LITERAL_CONVERSION = YES;
				CLANG_WARN_OBJC_ROOT_CLASS = YES_ERROR;
				CLANG_WARN_QUOTED_INCLUDE_IN_FRAMEWORK_HEADER = YES;
				CLANG_WARN_RANGE_LOOP_ANALYSIS = YES;
				CLANG_WARN_STRICT_PROTOTYPES = YES;
				CLANG_WARN_SUSPICIOUS_MOVE = YES;
				CLANG_WARN_UNGUARDED_AVAILABILITY = YES_AGGRESSIVE;
				CLANG_WARN_UNREACHABLE_CODE = YES;
				CLANG_WARN__DUPLICATE_METHOD_MATCH = YES;
				COPY_PHASE_STRIP = NO;
				DEBUG_INFORMATION_FORMAT = dwarf;
				ENABLE_STRICT_OBJC_MSGSEND = YES;
				ENABLE_TESTABILITY = YES;
				GCC_C_LANGUAGE_STANDARD = gnu11;
				GCC_DYNAMIC_NO_PIC = NO;
				GCC_NO_COMMON_BLOCKS = YES;
				GCC_OPTIMIZATION_LEVEL = 0;
				GCC_PREPROCESSOR_DEFINITIONS = (
					"DEBUG=1",
					"$(inherited)",
				);
				GCC_WARN_64_TO_32_BIT_CONVERSION = YES;
				GCC_WARN_ABOUT_RETURN_TYPE = YES_ERROR;
				GCC_WARN_UNDECLARED_SELECTOR = YES;
				GCC_WARN_UNINITIALIZED_AUTOS = YES_AGGRESSIVE;
				GCC_WARN_UNUSED_FUNCTION = YES;
				GCC_WARN_UNUSED_VARIABLE = YES;
				IPHONEOS_DEPLOYMENT_TARGET = 14.2;
				MTL_ENABLE_DEBUG_INFO = INCLUDE_SOURCE;
				MTL_FAST_MATH = YES;
				ONLY_ACTIVE_ARCH = YES;
				SDKROOT = iphoneos;
				SWIFT_ACTIVE_COMPILATION_CONDITIONS = DEBUG;
				SWIFT_OPTIMIZATION_LEVEL = "-Onone";
			};
			name = Debug;
		};
		344C7CC925D2FD6D00176019 /* Release */ = {
			isa = XCBuildConfiguration;
			buildSettings = {
				ALWAYS_SEARCH_USER_PATHS = NO;
				CLANG_ANALYZER_NONNULL = YES;
				CLANG_ANALYZER_NUMBER_OBJECT_CONVERSION = YES_AGGRESSIVE;
				CLANG_CXX_LANGUAGE_STANDARD = "gnu++14";
				CLANG_CXX_LIBRARY = "libc++";
				CLANG_ENABLE_MODULES = YES;
				CLANG_ENABLE_OBJC_ARC = YES;
				CLANG_ENABLE_OBJC_WEAK = YES;
				CLANG_WARN_BLOCK_CAPTURE_AUTORELEASING = YES;
				CLANG_WARN_BOOL_CONVERSION = YES;
				CLANG_WARN_COMMA = YES;
				CLANG_WARN_CONSTANT_CONVERSION = YES;
				CLANG_WARN_DEPRECATED_OBJC_IMPLEMENTATIONS = YES;
				CLANG_WARN_DIRECT_OBJC_ISA_USAGE = YES_ERROR;
				CLANG_WARN_DOCUMENTATION_COMMENTS = YES;
				CLANG_WARN_EMPTY_BODY = YES;
				CLANG_WARN_ENUM_CONVERSION = YES;
				CLANG_WARN_INFINITE_RECURSION = YES;
				CLANG_WARN_INT_CONVERSION = YES;
				CLANG_WARN_NON_LITERAL_NULL_CONVERSION = YES;
				CLANG_WARN_OBJC_IMPLICIT_RETAIN_SELF = YES;
				CLANG_WARN_OBJC_LITERAL_CONVERSION = YES;
				CLANG_WARN_OBJC_ROOT_CLASS = YES_ERROR;
				CLANG_WARN_QUOTED_INCLUDE_IN_FRAMEWORK_HEADER = YES;
				CLANG_WARN_RANGE_LOOP_ANALYSIS = YES;
				CLANG_WARN_STRICT_PROTOTYPES = YES;
				CLANG_WARN_SUSPICIOUS_MOVE = YES;
				CLANG_WARN_UNGUARDED_AVAILABILITY = YES_AGGRESSIVE;
				CLANG_WARN_UNREACHABLE_CODE = YES;
				CLANG_WARN__DUPLICATE_METHOD_MATCH = YES;
				COPY_PHASE_STRIP = NO;
				DEBUG_INFORMATION_FORMAT = "dwarf-with-dsym";
				ENABLE_NS_ASSERTIONS = NO;
				ENABLE_STRICT_OBJC_MSGSEND = YES;
				GCC_C_LANGUAGE_STANDARD = gnu11;
				GCC_NO_COMMON_BLOCKS = YES;
				GCC_WARN_64_TO_32_BIT_CONVERSION = YES;
				GCC_WARN_ABOUT_RETURN_TYPE = YES_ERROR;
				GCC_WARN_UNDECLARED_SELECTOR = YES;
				GCC_WARN_UNINITIALIZED_AUTOS = YES_AGGRESSIVE;
				GCC_WARN_UNUSED_FUNCTION = YES;
				GCC_WARN_UNUSED_VARIABLE = YES;
				IPHONEOS_DEPLOYMENT_TARGET = 14.2;
				MTL_ENABLE_DEBUG_INFO = NO;
				MTL_FAST_MATH = YES;
				SDKROOT = iphoneos;
				SWIFT_COMPILATION_MODE = wholemodule;
				SWIFT_OPTIMIZATION_LEVEL = "-O";
				VALIDATE_PRODUCT = YES;
			};
			name = Release;
		};
		344C7CCB25D2FD6D00176019 /* Debug */ = {
			isa = XCBuildConfiguration;
			buildSettings = {
				ASSETCATALOG_COMPILER_APPICON_NAME = AppIcon;
				ASSETCATALOG_COMPILER_GLOBAL_ACCENT_COLOR_NAME = AccentColor;
				CODE_SIGN_STYLE = Automatic;
				DEVELOPMENT_ASSET_PATHS = "\"HackerNews/Preview Content\"";
				DEVELOPMENT_TEAM = TR9P3A5269;
				ENABLE_PREVIEWS = YES;
				INFOPLIST_FILE = HackerNews/Info.plist;
				IPHONEOS_DEPLOYMENT_TARGET = 14.0;
				LD_RUNPATH_SEARCH_PATHS = (
					"$(inherited)",
					"@executable_path/Frameworks",
				);
				PRODUCT_BUNDLE_IDENTIFIER = Hoffman.HackerNews;
				PRODUCT_NAME = "$(TARGET_NAME)";
				SWIFT_VERSION = 5.0;
				TARGETED_DEVICE_FAMILY = "1,2";
			};
			name = Debug;
		};
		344C7CCC25D2FD6D00176019 /* Release */ = {
			isa = XCBuildConfiguration;
			buildSettings = {
				ASSETCATALOG_COMPILER_APPICON_NAME = AppIcon;
				ASSETCATALOG_COMPILER_GLOBAL_ACCENT_COLOR_NAME = AccentColor;
				CODE_SIGN_STYLE = Automatic;
				DEVELOPMENT_ASSET_PATHS = "\"HackerNews/Preview Content\"";
				DEVELOPMENT_TEAM = TR9P3A5269;
				ENABLE_PREVIEWS = YES;
				INFOPLIST_FILE = HackerNews/Info.plist;
				IPHONEOS_DEPLOYMENT_TARGET = 14.0;
				LD_RUNPATH_SEARCH_PATHS = (
					"$(inherited)",
					"@executable_path/Frameworks",
				);
				PRODUCT_BUNDLE_IDENTIFIER = Hoffman.HackerNews;
				PRODUCT_NAME = "$(TARGET_NAME)";
				SWIFT_VERSION = 5.0;
				TARGETED_DEVICE_FAMILY = "1,2";
			};
			name = Release;
		};
		344C7CCE25D2FD6D00176019 /* Debug */ = {
			isa = XCBuildConfiguration;
			buildSettings = {
				ALWAYS_EMBED_SWIFT_STANDARD_LIBRARIES = YES;
				BUNDLE_LOADER = "$(TEST_HOST)";
				CODE_SIGN_STYLE = Automatic;
				DEVELOPMENT_TEAM = TR9P3A5269;
				INFOPLIST_FILE = HackerNewsTests/Info.plist;
				IPHONEOS_DEPLOYMENT_TARGET = 14.0;
				LD_RUNPATH_SEARCH_PATHS = (
					"$(inherited)",
					"@executable_path/Frameworks",
					"@loader_path/Frameworks",
				);
				PRODUCT_BUNDLE_IDENTIFIER = Hoffman.HackerNewsTests;
				PRODUCT_NAME = "$(TARGET_NAME)";
				SWIFT_VERSION = 5.0;
				TARGETED_DEVICE_FAMILY = "1,2";
				TEST_HOST = "$(BUILT_PRODUCTS_DIR)/HackerNews.app/HackerNews";
			};
			name = Debug;
		};
		344C7CCF25D2FD6D00176019 /* Release */ = {
			isa = XCBuildConfiguration;
			buildSettings = {
				ALWAYS_EMBED_SWIFT_STANDARD_LIBRARIES = YES;
				BUNDLE_LOADER = "$(TEST_HOST)";
				CODE_SIGN_STYLE = Automatic;
				DEVELOPMENT_TEAM = TR9P3A5269;
				INFOPLIST_FILE = HackerNewsTests/Info.plist;
				IPHONEOS_DEPLOYMENT_TARGET = 14.0;
				LD_RUNPATH_SEARCH_PATHS = (
					"$(inherited)",
					"@executable_path/Frameworks",
					"@loader_path/Frameworks",
				);
				PRODUCT_BUNDLE_IDENTIFIER = Hoffman.HackerNewsTests;
				PRODUCT_NAME = "$(TARGET_NAME)";
				SWIFT_VERSION = 5.0;
				TARGETED_DEVICE_FAMILY = "1,2";
				TEST_HOST = "$(BUILT_PRODUCTS_DIR)/HackerNews.app/HackerNews";
			};
			name = Release;
		};
		344C7CD125D2FD6D00176019 /* Debug */ = {
			isa = XCBuildConfiguration;
			buildSettings = {
				ALWAYS_EMBED_SWIFT_STANDARD_LIBRARIES = YES;
				CODE_SIGN_STYLE = Automatic;
				DEVELOPMENT_TEAM = TR9P3A5269;
				INFOPLIST_FILE = HackerNewsUITests/Info.plist;
				LD_RUNPATH_SEARCH_PATHS = (
					"$(inherited)",
					"@executable_path/Frameworks",
					"@loader_path/Frameworks",
				);
				PRODUCT_BUNDLE_IDENTIFIER = Hoffman.HackerNewsUITests;
				PRODUCT_NAME = "$(TARGET_NAME)";
				SWIFT_VERSION = 5.0;
				TARGETED_DEVICE_FAMILY = "1,2";
				TEST_TARGET_NAME = HackerNews;
			};
			name = Debug;
		};
		344C7CD225D2FD6D00176019 /* Release */ = {
			isa = XCBuildConfiguration;
			buildSettings = {
				ALWAYS_EMBED_SWIFT_STANDARD_LIBRARIES = YES;
				CODE_SIGN_STYLE = Automatic;
				DEVELOPMENT_TEAM = TR9P3A5269;
				INFOPLIST_FILE = HackerNewsUITests/Info.plist;
				LD_RUNPATH_SEARCH_PATHS = (
					"$(inherited)",
					"@executable_path/Frameworks",
					"@loader_path/Frameworks",
				);
				PRODUCT_BUNDLE_IDENTIFIER = Hoffman.HackerNewsUITests;
				PRODUCT_NAME = "$(TARGET_NAME)";
				SWIFT_VERSION = 5.0;
				TARGETED_DEVICE_FAMILY = "1,2";
				TEST_TARGET_NAME = HackerNews;
			};
			name = Release;
		};
/* End XCBuildConfiguration section */

/* Begin XCConfigurationList section */
		344C7CA025D2FD6900176019 /* Build configuration list for PBXProject "HackerNews" */ = {
			isa = XCConfigurationList;
			buildConfigurations = (
				344C7CC825D2FD6D00176019 /* Debug */,
				344C7CC925D2FD6D00176019 /* Release */,
			);
			defaultConfigurationIsVisible = 0;
			defaultConfigurationName = Release;
		};
		344C7CCA25D2FD6D00176019 /* Build configuration list for PBXNativeTarget "HackerNews" */ = {
			isa = XCConfigurationList;
			buildConfigurations = (
				344C7CCB25D2FD6D00176019 /* Debug */,
				344C7CCC25D2FD6D00176019 /* Release */,
			);
			defaultConfigurationIsVisible = 0;
			defaultConfigurationName = Release;
		};
		344C7CCD25D2FD6D00176019 /* Build configuration list for PBXNativeTarget "HackerNewsTests" */ = {
			isa = XCConfigurationList;
			buildConfigurations = (
				344C7CCE25D2FD6D00176019 /* Debug */,
				344C7CCF25D2FD6D00176019 /* Release */,
			);
			defaultConfigurationIsVisible = 0;
			defaultConfigurationName = Release;
		};
		344C7CD025D2FD6D00176019 /* Build configuration list for PBXNativeTarget "HackerNewsUITests" */ = {
			isa = XCConfigurationList;
			buildConfigurations = (
				344C7CD125D2FD6D00176019 /* Debug */,
				344C7CD225D2FD6D00176019 /* Release */,
			);
			defaultConfigurationIsVisible = 0;
			defaultConfigurationName = Release;
		};
/* End XCConfigurationList section */
	};
	rootObject = 344C7C9D25D2FD6900176019 /* Project object */;
}
